
Microsoft Visual Studio Solution File, Format Version 12.00
# Visual Studio Version 16
VisualStudioVersion = 16.0.29326.143
MinimumVisualStudioVersion = 10.0.40219.1
Project("{FAE04EC0-301F-11D3-BF4B-00C04F79EFBC}") = "BlazorEmployeeCrud", "BlazorEmployeeCrud\BlazorEmployeeCrud.csproj", "{E7CC7376-2CCB-4928-917A-901B131E31B8}"
EndProject
Global
	GlobalSection(SolutionConfigurationPlatforms) = preSolution
		Debug|Any CPU = Debug|Any CPU
		Release|Any CPU = Release|Any CPU
	EndGlobalSection
	GlobalSection(ProjectConfigurationPlatforms) = postSolution
		{E7CC7376-2CCB-4928-917A-901B131E31B8}.Debug|Any CPU.ActiveCfg = Debug|Any CPU
		{E7CC7376-2CCB-4928-917A-901B131E31B8}.Debug|Any CPU.Build.0 = Debug|Any CPU
		{E7CC7376-2CCB-4928-917A-901B131E31B8}.Release|Any CPU.ActiveCfg = Release|Any CPU
		{E7CC7376-2CCB-4928-917A-901B131E31B8}.Release|Any CPU.Build.0 = Release|Any CPU
	EndGlobalSection
	GlobalSection(SolutionProperties) = preSolution
		HideSolutionNode = FALSE
	EndGlobalSection
	GlobalSection(ExtensibilityGlobals) = postSolution
		SolutionGuid = {CB3B9A3E-325E-4A4F-A18A-7A2D784D29BF}
	EndGlobalSection
EndGlobal
